{
  "name": "quick.eco",
  "version": "3.0.0-dev",
  "lockfileVersion": 1,
  "requires": true,
  "dependencies": {
    "fucazu-minami": {
      "version": "1.1.7",
      "resolved": "https://registry.npmjs.org/fucazu-minami/-/fucazu-minami-1.1.7.tgz",
      "integrity": "sha1-0/urEjxiwrYNhJIBId4bjoLgKwA=",
      "dev": true
    }
  }
}
